
Microsoft Visual Studio Solution File, Format Version 12.00
# Visual Studio Version 17
VisualStudioVersion = 17.4.33213.308
MinimumVisualStudioVersion = 10.0.40219.1
Project("{FAE04EC0-301F-11D3-BF4B-00C04F79EFBC}") = "Target-Exercicio5", "Target-Exercicio5\Target-Exercicio5.csproj", "{BAE5B4E6-4D21-4E0A-9ECD-2CB9668E2789}"
EndProject
Global
	GlobalSection(SolutionConfigurationPlatforms) = preSolution
		Debug|Any CPU = Debug|Any CPU
		Release|Any CPU = Release|Any CPU
	EndGlobalSection
	GlobalSection(ProjectConfigurationPlatforms) = postSolution
		{BAE5B4E6-4D21-4E0A-9ECD-2CB9668E2789}.Debug|Any CPU.ActiveCfg = Debug|Any CPU
		{BAE5B4E6-4D21-4E0A-9ECD-2CB9668E2789}.Debug|Any CPU.Build.0 = Debug|Any CPU
		{BAE5B4E6-4D21-4E0A-9ECD-2CB9668E2789}.Release|Any CPU.ActiveCfg = Release|Any CPU
		{BAE5B4E6-4D21-4E0A-9ECD-2CB9668E2789}.Release|Any CPU.Build.0 = Release|Any CPU
	EndGlobalSection
	GlobalSection(SolutionProperties) = preSolution
		HideSolutionNode = FALSE
	EndGlobalSection
	GlobalSection(ExtensibilityGlobals) = postSolution
		SolutionGuid = {D4488D58-C711-4ADA-A985-FA5EEFCFDC81}
	EndGlobalSection
EndGlobal
